
Microsoft Visual Studio Solution File, Format Version 12.00
# Visual Studio Version 17
VisualStudioVersion = 17.14.36429.23 d17.14
MinimumVisualStudioVersion = 10.0.40219.1
Project("{FAE04EC0-301F-11D3-BF4B-00C04F79EFBC}") = "RfrmLib", "RfrmLib\RfrmLib.csproj", "{D63DD551-F278-451D-BA21-55364E9FFA7D}"
EndProject
Project("{FAE04EC0-301F-11D3-BF4B-00C04F79EFBC}") = "RfrmUI", "RfrmUI\RfrmUI.csproj", "{96963EA2-DA2C-46C9-9971-EA1F016625A2}"
EndProject
Project("{FAE04EC0-301F-11D3-BF4B-00C04F79EFBC}") = "RfrmLib.Tests", "RfrmLib.Tests\RfrmLib.Tests.csproj", "{92ACD0C3-0F78-4F32-9A07-4C5A298C85D4}"
EndProject
Global
	GlobalSection(SolutionConfigurationPlatforms) = preSolution
		Debug|Any CPU = Debug|Any CPU
		Release|Any CPU = Release|Any CPU
	EndGlobalSection
	GlobalSection(ProjectConfigurationPlatforms) = postSolution
		{D63DD551-F278-451D-BA21-55364E9FFA7D}.Debug|Any CPU.ActiveCfg = Debug|Any CPU
		{D63DD551-F278-451D-BA21-55364E9FFA7D}.Debug|Any CPU.Build.0 = Debug|Any CPU
		{D63DD551-F278-451D-BA21-55364E9FFA7D}.Release|Any CPU.ActiveCfg = Release|Any CPU
		{D63DD551-F278-451D-BA21-55364E9FFA7D}.Release|Any CPU.Build.0 = Release|Any CPU
		{96963EA2-DA2C-46C9-9971-EA1F016625A2}.Debug|Any CPU.ActiveCfg = Debug|Any CPU
		{96963EA2-DA2C-46C9-9971-EA1F016625A2}.Debug|Any CPU.Build.0 = Debug|Any CPU
		{96963EA2-DA2C-46C9-9971-EA1F016625A2}.Release|Any CPU.ActiveCfg = Release|Any CPU
		{96963EA2-DA2C-46C9-9971-EA1F016625A2}.Release|Any CPU.Build.0 = Release|Any CPU
		{92ACD0C3-0F78-4F32-9A07-4C5A298C85D4}.Debug|Any CPU.ActiveCfg = Debug|Any CPU
		{92ACD0C3-0F78-4F32-9A07-4C5A298C85D4}.Debug|Any CPU.Build.0 = Debug|Any CPU
		{92ACD0C3-0F78-4F32-9A07-4C5A298C85D4}.Release|Any CPU.ActiveCfg = Release|Any CPU
		{92ACD0C3-0F78-4F32-9A07-4C5A298C85D4}.Release|Any CPU.Build.0 = Release|Any CPU
	EndGlobalSection
	GlobalSection(SolutionProperties) = preSolution
		HideSolutionNode = FALSE
	EndGlobalSection
	GlobalSection(ExtensibilityGlobals) = postSolution
		SolutionGuid = {306AE731-0452-4537-B117-5E0BD005EB8C}
	EndGlobalSection
EndGlobal
